
Microsoft Visual Studio Solution File, Format Version 12.00
# Visual Studio 15
Project("{FAE04EC0-301F-11D3-BF4B-00C04F79EFBC}") = "Assembly-CSharp", "Assembly-CSharp.csproj", "{328BB73D-0D96-C9B1-3B81-E014D25BD910}"
EndProject
Global
	GlobalSection(SolutionConfigurationPlatforms) = preSolution
		Debug|Any CPU = Debug|Any CPU
		Release|Any CPU = Release|Any CPU
	EndGlobalSection
	GlobalSection(ProjectConfigurationPlatforms) = postSolution
		{328BB73D-0D96-C9B1-3B81-E014D25BD910}.Debug|Any CPU.ActiveCfg = Debug|Any CPU
		{328BB73D-0D96-C9B1-3B81-E014D25BD910}.Debug|Any CPU.Build.0 = Debug|Any CPU
		{328BB73D-0D96-C9B1-3B81-E014D25BD910}.Release|Any CPU.ActiveCfg = Release|Any CPU
		{328BB73D-0D96-C9B1-3B81-E014D25BD910}.Release|Any CPU.Build.0 = Release|Any CPU
	EndGlobalSection
	GlobalSection(SolutionProperties) = preSolution
		HideSolutionNode = FALSE
	EndGlobalSection
EndGlobal
